
Microsoft Visual Studio Solution File, Format Version 12.00
# Visual Studio Version 17
VisualStudioVersion = 17.3.32922.545
MinimumVisualStudioVersion = 10.0.40219.1
Project("{FAE04EC0-301F-11D3-BF4B-00C04F79EFBC}") = "Finanzas Personal App", "Finanzas Personal App\Finanzas Personal App.csproj", "{01443BC9-8543-4B03-8B93-8BBDCF8D8AA6}"
EndProject
Project("{FAE04EC0-301F-11D3-BF4B-00C04F79EFBC}") = "Entities", "Entities\Entities.csproj", "{6C3586B5-0C80-46E8-8118-15D6AD36D6FE}"
EndProject
Project("{FAE04EC0-301F-11D3-BF4B-00C04F79EFBC}") = "Business", "Business\Business.csproj", "{CDBD955E-E7B6-42BD-AF29-7BCB8AE82424}"
EndProject
Global
	GlobalSection(SolutionConfigurationPlatforms) = preSolution
		Debug|Any CPU = Debug|Any CPU
		Release|Any CPU = Release|Any CPU
	EndGlobalSection
	GlobalSection(ProjectConfigurationPlatforms) = postSolution
		{01443BC9-8543-4B03-8B93-8BBDCF8D8AA6}.Debug|Any CPU.ActiveCfg = Debug|Any CPU
		{01443BC9-8543-4B03-8B93-8BBDCF8D8AA6}.Debug|Any CPU.Build.0 = Debug|Any CPU
		{01443BC9-8543-4B03-8B93-8BBDCF8D8AA6}.Release|Any CPU.ActiveCfg = Release|Any CPU
		{01443BC9-8543-4B03-8B93-8BBDCF8D8AA6}.Release|Any CPU.Build.0 = Release|Any CPU
		{6C3586B5-0C80-46E8-8118-15D6AD36D6FE}.Debug|Any CPU.ActiveCfg = Debug|Any CPU
		{6C3586B5-0C80-46E8-8118-15D6AD36D6FE}.Debug|Any CPU.Build.0 = Debug|Any CPU
		{6C3586B5-0C80-46E8-8118-15D6AD36D6FE}.Release|Any CPU.ActiveCfg = Release|Any CPU
		{6C3586B5-0C80-46E8-8118-15D6AD36D6FE}.Release|Any CPU.Build.0 = Release|Any CPU
		{CDBD955E-E7B6-42BD-AF29-7BCB8AE82424}.Debug|Any CPU.ActiveCfg = Debug|Any CPU
		{CDBD955E-E7B6-42BD-AF29-7BCB8AE82424}.Debug|Any CPU.Build.0 = Debug|Any CPU
		{CDBD955E-E7B6-42BD-AF29-7BCB8AE82424}.Release|Any CPU.ActiveCfg = Release|Any CPU
		{CDBD955E-E7B6-42BD-AF29-7BCB8AE82424}.Release|Any CPU.Build.0 = Release|Any CPU
	EndGlobalSection
	GlobalSection(SolutionProperties) = preSolution
		HideSolutionNode = FALSE
	EndGlobalSection
	GlobalSection(ExtensibilityGlobals) = postSolution
		SolutionGuid = {E6E23DC0-7977-43CA-B46D-CB37C82FC455}
	EndGlobalSection
EndGlobal
